{
  "name": "leetcodaily",
  "version": "1.0.0",
  "lockfileVersion": 1,
  "requires": true,
  "dependencies": {
    "mnemonist": {
      "version": "0.36.0",
      "resolved": "https://registry.npmjs.org/mnemonist/-/mnemonist-0.36.0.tgz",
      "integrity": "sha512-V98SFZ4ZpvXQs6Rwr3RgEOtW55gtJVpbnZOQZ8KWwMf9H+jbF4izwbczekXzHlnFgt8PhI9bFQWIYd3lRsG/YQ==",
      "requires": {
        "obliterator": "^1.6.1"
      }
    },
    "obliterator": {
      "version": "1.6.1",
      "resolved": "https://registry.npmjs.org/obliterator/-/obliterator-1.6.1.tgz",
      "integrity": "sha512-9WXswnqINnnhOG/5SLimUlzuU1hFJUc8zkwyD59Sd+dPOMf05PmnYG/d6Q7HZ+KmgkZJa1PxRso6QdM3sTNHig=="
    }
  }
}
